
Microsoft Visual Studio Solution File, Format Version 12.00
# Visual Studio 15
VisualStudioVersion = 15.0.26124.0
MinimumVisualStudioVersion = 15.0.26124.0
Project("{FAE04EC0-301F-11D3-BF4B-00C04F79EFBC}") = "Nozama.Api", "Nozama.Api\Nozama.Api.csproj", "{450895B5-5286-4E9D-BE67-A207B69A8371}"
EndProject
Project("{FAE04EC0-301F-11D3-BF4B-00C04F79EFBC}") = "Nozama.Core", "Nozama.Core\Nozama.Core.csproj", "{3B53D20B-E3C7-4C92-BAF3-6D0A883221F3}"
EndProject
Project("{FAE04EC0-301F-11D3-BF4B-00C04F79EFBC}") = "Nozama.Domain", "Nozama.Domain\Nozama.Domain.csproj", "{D63B21A8-F751-413D-80D8-D1B13DCA9091}"
EndProject
Project("{FAE04EC0-301F-11D3-BF4B-00C04F79EFBC}") = "Nozama.Persistence", "Nozama.Persistence\Nozama.Persistence.csproj", "{0F82F223-06B3-47E4-9FDB-C8A86EF4F9AA}"
EndProject
Project("{FAE04EC0-301F-11D3-BF4B-00C04F79EFBC}") = "Nozama.Services", "Nozama.Services\Nozama.Services.csproj", "{B5CD656E-A36B-4AFD-8AC9-E8C1E2827A76}"
EndProject
Project("{FAE04EC0-301F-11D3-BF4B-00C04F79EFBC}") = "Nozama.Tests", "Nozama.Tests\Nozama.Tests.csproj", "{B8D468B6-6C0B-4178-BD4F-51224BFDA853}"
EndProject
Global
	GlobalSection(SolutionConfigurationPlatforms) = preSolution
		Debug|Any CPU = Debug|Any CPU
		Debug|x64 = Debug|x64
		Debug|x86 = Debug|x86
		Release|Any CPU = Release|Any CPU
		Release|x64 = Release|x64
		Release|x86 = Release|x86
	EndGlobalSection
	GlobalSection(SolutionProperties) = preSolution
		HideSolutionNode = FALSE
	EndGlobalSection
	GlobalSection(ProjectConfigurationPlatforms) = postSolution
		{450895B5-5286-4E9D-BE67-A207B69A8371}.Debug|Any CPU.ActiveCfg = Debug|Any CPU
		{450895B5-5286-4E9D-BE67-A207B69A8371}.Debug|Any CPU.Build.0 = Debug|Any CPU
		{450895B5-5286-4E9D-BE67-A207B69A8371}.Debug|x64.ActiveCfg = Debug|Any CPU
		{450895B5-5286-4E9D-BE67-A207B69A8371}.Debug|x64.Build.0 = Debug|Any CPU
		{450895B5-5286-4E9D-BE67-A207B69A8371}.Debug|x86.ActiveCfg = Debug|Any CPU
		{450895B5-5286-4E9D-BE67-A207B69A8371}.Debug|x86.Build.0 = Debug|Any CPU
		{450895B5-5286-4E9D-BE67-A207B69A8371}.Release|Any CPU.ActiveCfg = Release|Any CPU
		{450895B5-5286-4E9D-BE67-A207B69A8371}.Release|Any CPU.Build.0 = Release|Any CPU
		{450895B5-5286-4E9D-BE67-A207B69A8371}.Release|x64.ActiveCfg = Release|Any CPU
		{450895B5-5286-4E9D-BE67-A207B69A8371}.Release|x64.Build.0 = Release|Any CPU
		{450895B5-5286-4E9D-BE67-A207B69A8371}.Release|x86.ActiveCfg = Release|Any CPU
		{450895B5-5286-4E9D-BE67-A207B69A8371}.Release|x86.Build.0 = Release|Any CPU
		{3B53D20B-E3C7-4C92-BAF3-6D0A883221F3}.Debug|Any CPU.ActiveCfg = Debug|Any CPU
		{3B53D20B-E3C7-4C92-BAF3-6D0A883221F3}.Debug|Any CPU.Build.0 = Debug|Any CPU
		{3B53D20B-E3C7-4C92-BAF3-6D0A883221F3}.Debug|x64.ActiveCfg = Debug|Any CPU
		{3B53D20B-E3C7-4C92-BAF3-6D0A883221F3}.Debug|x64.Build.0 = Debug|Any CPU
		{3B53D20B-E3C7-4C92-BAF3-6D0A883221F3}.Debug|x86.ActiveCfg = Debug|Any CPU
		{3B53D20B-E3C7-4C92-BAF3-6D0A883221F3}.Debug|x86.Build.0 = Debug|Any CPU
		{3B53D20B-E3C7-4C92-BAF3-6D0A883221F3}.Release|Any CPU.ActiveCfg = Release|Any CPU
		{3B53D20B-E3C7-4C92-BAF3-6D0A883221F3}.Release|Any CPU.Build.0 = Release|Any CPU
		{3B53D20B-E3C7-4C92-BAF3-6D0A883221F3}.Release|x64.ActiveCfg = Release|Any CPU
		{3B53D20B-E3C7-4C92-BAF3-6D0A883221F3}.Release|x64.Build.0 = Release|Any CPU
		{3B53D20B-E3C7-4C92-BAF3-6D0A883221F3}.Release|x86.ActiveCfg = Release|Any CPU
		{3B53D20B-E3C7-4C92-BAF3-6D0A883221F3}.Release|x86.Build.0 = Release|Any CPU
		{D63B21A8-F751-413D-80D8-D1B13DCA9091}.Debug|Any CPU.ActiveCfg = Debug|Any CPU
		{D63B21A8-F751-413D-80D8-D1B13DCA9091}.Debug|Any CPU.Build.0 = Debug|Any CPU
		{D63B21A8-F751-413D-80D8-D1B13DCA9091}.Debug|x64.ActiveCfg = Debug|Any CPU
		{D63B21A8-F751-413D-80D8-D1B13DCA9091}.Debug|x64.Build.0 = Debug|Any CPU
		{D63B21A8-F751-413D-80D8-D1B13DCA9091}.Debug|x86.ActiveCfg = Debug|Any CPU
		{D63B21A8-F751-413D-80D8-D1B13DCA9091}.Debug|x86.Build.0 = Debug|Any CPU
		{D63B21A8-F751-413D-80D8-D1B13DCA9091}.Release|Any CPU.ActiveCfg = Release|Any CPU
		{D63B21A8-F751-413D-80D8-D1B13DCA9091}.Release|Any CPU.Build.0 = Release|Any CPU
		{D63B21A8-F751-413D-80D8-D1B13DCA9091}.Release|x64.ActiveCfg = Release|Any CPU
		{D63B21A8-F751-413D-80D8-D1B13DCA9091}.Release|x64.Build.0 = Release|Any CPU
		{D63B21A8-F751-413D-80D8-D1B13DCA9091}.Release|x86.ActiveCfg = Release|Any CPU
		{D63B21A8-F751-413D-80D8-D1B13DCA9091}.Release|x86.Build.0 = Release|Any CPU
		{0F82F223-06B3-47E4-9FDB-C8A86EF4F9AA}.Debug|Any CPU.ActiveCfg = Debug|Any CPU
		{0F82F223-06B3-47E4-9FDB-C8A86EF4F9AA}.Debug|Any CPU.Build.0 = Debug|Any CPU
		{0F82F223-06B3-47E4-9FDB-C8A86EF4F9AA}.Debug|x64.ActiveCfg = Debug|Any CPU
		{0F82F223-06B3-47E4-9FDB-C8A86EF4F9AA}.Debug|x64.Build.0 = Debug|Any CPU
		{0F82F223-06B3-47E4-9FDB-C8A86EF4F9AA}.Debug|x86.ActiveCfg = Debug|Any CPU
		{0F82F223-06B3-47E4-9FDB-C8A86EF4F9AA}.Debug|x86.Build.0 = Debug|Any CPU
		{0F82F223-06B3-47E4-9FDB-C8A86EF4F9AA}.Release|Any CPU.ActiveCfg = Release|Any CPU
		{0F82F223-06B3-47E4-9FDB-C8A86EF4F9AA}.Release|Any CPU.Build.0 = Release|Any CPU
		{0F82F223-06B3-47E4-9FDB-C8A86EF4F9AA}.Release|x64.ActiveCfg = Release|Any CPU
		{0F82F223-06B3-47E4-9FDB-C8A86EF4F9AA}.Release|x64.Build.0 = Release|Any CPU
		{0F82F223-06B3-47E4-9FDB-C8A86EF4F9AA}.Release|x86.ActiveCfg = Release|Any CPU
		{0F82F223-06B3-47E4-9FDB-C8A86EF4F9AA}.Release|x86.Build.0 = Release|Any CPU
		{B5CD656E-A36B-4AFD-8AC9-E8C1E2827A76}.Debug|Any CPU.ActiveCfg = Debug|Any CPU
		{B5CD656E-A36B-4AFD-8AC9-E8C1E2827A76}.Debug|Any CPU.Build.0 = Debug|Any CPU
		{B5CD656E-A36B-4AFD-8AC9-E8C1E2827A76}.Debug|x64.ActiveCfg = Debug|Any CPU
		{B5CD656E-A36B-4AFD-8AC9-E8C1E2827A76}.Debug|x64.Build.0 = Debug|Any CPU
		{B5CD656E-A36B-4AFD-8AC9-E8C1E2827A76}.Debug|x86.ActiveCfg = Debug|Any CPU
		{B5CD656E-A36B-4AFD-8AC9-E8C1E2827A76}.Debug|x86.Build.0 = Debug|Any CPU
		{B5CD656E-A36B-4AFD-8AC9-E8C1E2827A76}.Release|Any CPU.ActiveCfg = Release|Any CPU
		{B5CD656E-A36B-4AFD-8AC9-E8C1E2827A76}.Release|Any CPU.Build.0 = Release|Any CPU
		{B5CD656E-A36B-4AFD-8AC9-E8C1E2827A76}.Release|x64.ActiveCfg = Release|Any CPU
		{B5CD656E-A36B-4AFD-8AC9-E8C1E2827A76}.Release|x64.Build.0 = Release|Any CPU
		{B5CD656E-A36B-4AFD-8AC9-E8C1E2827A76}.Release|x86.ActiveCfg = Release|Any CPU
		{B5CD656E-A36B-4AFD-8AC9-E8C1E2827A76}.Release|x86.Build.0 = Release|Any CPU
		{B8D468B6-6C0B-4178-BD4F-51224BFDA853}.Debug|Any CPU.ActiveCfg = Debug|Any CPU
		{B8D468B6-6C0B-4178-BD4F-51224BFDA853}.Debug|Any CPU.Build.0 = Debug|Any CPU
		{B8D468B6-6C0B-4178-BD4F-51224BFDA853}.Debug|x64.ActiveCfg = Debug|Any CPU
		{B8D468B6-6C0B-4178-BD4F-51224BFDA853}.Debug|x64.Build.0 = Debug|Any CPU
		{B8D468B6-6C0B-4178-BD4F-51224BFDA853}.Debug|x86.ActiveCfg = Debug|Any CPU
		{B8D468B6-6C0B-4178-BD4F-51224BFDA853}.Debug|x86.Build.0 = Debug|Any CPU
		{B8D468B6-6C0B-4178-BD4F-51224BFDA853}.Release|Any CPU.ActiveCfg = Release|Any CPU
		{B8D468B6-6C0B-4178-BD4F-51224BFDA853}.Release|Any CPU.Build.0 = Release|Any CPU
		{B8D468B6-6C0B-4178-BD4F-51224BFDA853}.Release|x64.ActiveCfg = Release|Any CPU
		{B8D468B6-6C0B-4178-BD4F-51224BFDA853}.Release|x64.Build.0 = Release|Any CPU
		{B8D468B6-6C0B-4178-BD4F-51224BFDA853}.Release|x86.ActiveCfg = Release|Any CPU
		{B8D468B6-6C0B-4178-BD4F-51224BFDA853}.Release|x86.Build.0 = Release|Any CPU
	EndGlobalSection
EndGlobal
